// !$*UTF8*$!
{
	archiveVersion = 1;
	classes = {
	};
	objectVersion = 50;
	objects = {

/* Begin PBXBuildFile section */
		E9FED804237B1F6E006B6A75 /* AppDelegate.swift in Sources */ = {isa = PBXBuildFile; fileRef = E9FED803237B1F6E006B6A75 /* AppDelegate.swift */; };
		E9FED806237B1F6E006B6A75 /* SceneDelegate.swift in Sources */ = {isa = PBXBuildFile; fileRef = E9FED805237B1F6E006B6A75 /* SceneDelegate.swift */; };
		E9FED808237B1F6E006B6A75 /* ViewController.swift in Sources */ = {isa = PBXBuildFile; fileRef = E9FED807237B1F6E006B6A75 /* ViewController.swift */; };
		E9FED80B237B1F6E006B6A75 /* Main.storyboard in Resources */ = {isa = PBXBuildFile; fileRef = E9FED809237B1F6E006B6A75 /* Main.storyboard */; };
		E9FED80E237B1F6E006B6A75 /* JustAsk.xcdatamodeld in Sources */ = {isa = PBXBuildFile; fileRef = E9FED80C237B1F6E006B6A75 /* JustAsk.xcdatamodeld */; };
		E9FED810237B1F70006B6A75 /* Assets.xcassets in Resources */ = {isa = PBXBuildFile; fileRef = E9FED80F237B1F70006B6A75 /* Assets.xcassets */; };
		E9FED813237B1F70006B6A75 /* LaunchScreen.storyboard in Resources */ = {isa = PBXBuildFile; fileRef = E9FED811237B1F70006B6A75 /* LaunchScreen.storyboard */; };
		E9FED81E237B1F70006B6A75 /* JustAskTests.swift in Sources */ = {isa = PBXBuildFile; fileRef = E9FED81D237B1F70006B6A75 /* JustAskTests.swift */; };
		E9FED829237B1F70006B6A75 /* JustAskUITests.swift in Sources */ = {isa = PBXBuildFile; fileRef = E9FED828237B1F70006B6A75 /* JustAskUITests.swift */; };
		E9FED83F237B2E13006B6A75 /* SpeechRecognizer.swift in Sources */ = {isa = PBXBuildFile; fileRef = E9FED83E237B2E13006B6A75 /* SpeechRecognizer.swift */; };
		E9FED841237B2EF8006B6A75 /* AudioManager.swift in Sources */ = {isa = PBXBuildFile; fileRef = E9FED840237B2EF8006B6A75 /* AudioManager.swift */; };
		E9FED843237B3306006B6A75 /* ttsMP3.com_VoiceText_2019-11-13_0_5_39.mp3 in Resources */ = {isa = PBXBuildFile; fileRef = E9FED842237B3306006B6A75 /* ttsMP3.com_VoiceText_2019-11-13_0_5_39.mp3 */; };
/* End PBXBuildFile section */

/* Begin PBXContainerItemProxy section */
		E9FED81A237B1F70006B6A75 /* PBXContainerItemProxy */ = {
			isa = PBXContainerItemProxy;
			containerPortal = E9FED7F8237B1F6E006B6A75 /* Project object */;
			proxyType = 1;
			remoteGlobalIDString = E9FED7FF237B1F6E006B6A75;
			remoteInfo = JustAsk;
		};
		E9FED825237B1F70006B6A75 /* PBXContainerItemProxy */ = {
			isa = PBXContainerItemProxy;
			containerPortal = E9FED7F8237B1F6E006B6A75 /* Project object */;
			proxyType = 1;
			remoteGlobalIDString = E9FED7FF237B1F6E006B6A75;
			remoteInfo = JustAsk;
		};
/* End PBXContainerItemProxy section */

/* Begin PBXFileReference section */
		E9FED800237B1F6E006B6A75 /* JustAsk.app */ = {isa = PBXFileReference; explicitFileType = wrapper.application; includeInIndex = 0; path = JustAsk.app; sourceTree = BUILT_PRODUCTS_DIR; };
		E9FED803237B1F6E006B6A75 /* AppDelegate.swift */ = {isa = PBXFileReference; lastKnownFileType = sourcecode.swift; path = AppDelegate.swift; sourceTree = "<group>"; };
		E9FED805237B1F6E006B6A75 /* SceneDelegate.swift */ = {isa = PBXFileReference; lastKnownFileType = sourcecode.swift; path = SceneDelegate.swift; sourceTree = "<group>"; };
		E9FED807237B1F6E006B6A75 /* ViewController.swift */ = {isa = PBXFileReference; lastKnownFileType = sourcecode.swift; path = ViewController.swift; sourceTree = "<group>"; };
		E9FED80A237B1F6E006B6A75 /* Base */ = {isa = PBXFileReference; lastKnownFileType = file.storyboard; name = Base; path = Base.lproj/Main.storyboard; sourceTree = "<group>"; };
		E9FED80D237B1F6E006B6A75 /* JustAsk.xcdatamodel */ = {isa = PBXFileReference; lastKnownFileType = wrapper.xcdatamodel; path = JustAsk.xcdatamodel; sourceTree = "<group>"; };
		E9FED80F237B1F70006B6A75 /* Assets.xcassets */ = {isa = PBXFileReference; lastKnownFileType = folder.assetcatalog; path = Assets.xcassets; sourceTree = "<group>"; };
		E9FED812237B1F70006B6A75 /* Base */ = {isa = PBXFileReference; lastKnownFileType = file.storyboard; name = Base; path = Base.lproj/LaunchScreen.storyboard; sourceTree = "<group>"; };
		E9FED814237B1F70006B6A75 /* Info.plist */ = {isa = PBXFileReference; lastKnownFileType = text.plist.xml; path = Info.plist; sourceTree = "<group>"; };
		E9FED819237B1F70006B6A75 /* JustAskTests.xctest */ = {isa = PBXFileReference; explicitFileType = wrapper.cfbundle; includeInIndex = 0; path = JustAskTests.xctest; sourceTree = BUILT_PRODUCTS_DIR; };
		E9FED81D237B1F70006B6A75 /* JustAskTests.swift */ = {isa = PBXFileReference; lastKnownFileType = sourcecode.swift; path = JustAskTests.swift; sourceTree = "<group>"; };
		E9FED81F237B1F70006B6A75 /* Info.plist */ = {isa = PBXFileReference; lastKnownFileType = text.plist.xml; path = Info.plist; sourceTree = "<group>"; };
		E9FED824237B1F70006B6A75 /* JustAskUITests.xctest */ = {isa = PBXFileReference; explicitFileType = wrapper.cfbundle; includeInIndex = 0; path = JustAskUITests.xctest; sourceTree = BUILT_PRODUCTS_DIR; };
		E9FED828237B1F70006B6A75 /* JustAskUITests.swift */ = {isa = PBXFileReference; lastKnownFileType = sourcecode.swift; path = JustAskUITests.swift; sourceTree = "<group>"; };
		E9FED82A237B1F70006B6A75 /* Info.plist */ = {isa = PBXFileReference; lastKnownFileType = text.plist.xml; path = Info.plist; sourceTree = "<group>"; };
		E9FED83E237B2E13006B6A75 /* SpeechRecognizer.swift */ = {isa = PBXFileReference; lastKnownFileType = sourcecode.swift; path = SpeechRecognizer.swift; sourceTree = "<group>"; };
		E9FED840237B2EF8006B6A75 /* AudioManager.swift */ = {isa = PBXFileReference; lastKnownFileType = sourcecode.swift; path = AudioManager.swift; sourceTree = "<group>"; };
		E9FED842237B3306006B6A75 /* ttsMP3.com_VoiceText_2019-11-13_0_5_39.mp3 */ = {isa = PBXFileReference; lastKnownFileType = audio.mp3; path = "ttsMP3.com_VoiceText_2019-11-13_0_5_39.mp3"; sourceTree = "<group>"; };
/* End PBXFileReference section */

/* Begin PBXFrameworksBuildPhase section */
		E9FED7FD237B1F6E006B6A75 /* Frameworks */ = {
			isa = PBXFrameworksBuildPhase;
			buildActionMask = 2147483647;
			files = (
			);
			runOnlyForDeploymentPostprocessing = 0;
		};
		E9FED816237B1F70006B6A75 /* Frameworks */ = {
			isa = PBXFrameworksBuildPhase;
			buildActionMask = 2147483647;
			files = (
			);
			runOnlyForDeploymentPostprocessing = 0;
		};
		E9FED821237B1F70006B6A75 /* Frameworks */ = {
			isa = PBXFrameworksBuildPhase;
			buildActionMask = 2147483647;
			files = (
			);
			runOnlyForDeploymentPostprocessing = 0;
		};
/* End PBXFrameworksBuildPhase section */

/* Begin PBXGroup section */
		E9FED7F7237B1F6E006B6A75 = {
			isa = PBXGroup;
			children = (
				E9FED802237B1F6E006B6A75 /* JustAsk */,
				E9FED81C237B1F70006B6A75 /* JustAskTests */,
				E9FED827237B1F70006B6A75 /* JustAskUITests */,
				E9FED801237B1F6E006B6A75 /* Products */,
			);
			sourceTree = "<group>";
		};
		E9FED801237B1F6E006B6A75 /* Products */ = {
			isa = PBXGroup;
			children = (
				E9FED800237B1F6E006B6A75 /* JustAsk.app */,
				E9FED819237B1F70006B6A75 /* JustAskTests.xctest */,
				E9FED824237B1F70006B6A75 /* JustAskUITests.xctest */,
			);
			name = Products;
			sourceTree = "<group>";
		};
		E9FED802237B1F6E006B6A75 /* JustAsk */ = {
			isa = PBXGroup;
			children = (
				E9FED803237B1F6E006B6A75 /* AppDelegate.swift */,
				E9FED805237B1F6E006B6A75 /* SceneDelegate.swift */,
				E9FED807237B1F6E006B6A75 /* ViewController.swift */,
				E9FED809237B1F6E006B6A75 /* Main.storyboard */,
				E9FED80F237B1F70006B6A75 /* Assets.xcassets */,
				E9FED811237B1F70006B6A75 /* LaunchScreen.storyboard */,
				E9FED814237B1F70006B6A75 /* Info.plist */,
				E9FED80C237B1F6E006B6A75 /* JustAsk.xcdatamodeld */,
				E9FED842237B3306006B6A75 /* ttsMP3.com_VoiceText_2019-11-13_0_5_39.mp3 */,
				E9FED83E237B2E13006B6A75 /* SpeechRecognizer.swift */,
				E9FED840237B2EF8006B6A75 /* AudioManager.swift */,
			);
			path = JustAsk;
			sourceTree = "<group>";
		};
		E9FED81C237B1F70006B6A75 /* JustAskTests */ = {
			isa = PBXGroup;
			children = (
				E9FED81D237B1F70006B6A75 /* JustAskTests.swift */,
				E9FED81F237B1F70006B6A75 /* Info.plist */,
			);
			path = JustAskTests;
			sourceTree = "<group>";
		};
		E9FED827237B1F70006B6A75 /* JustAskUITests */ = {
			isa = PBXGroup;
			children = (
				E9FED828237B1F70006B6A75 /* JustAskUITests.swift */,
				E9FED82A237B1F70006B6A75 /* Info.plist */,
			);
			path = JustAskUITests;
			sourceTree = "<group>";
		};
/* End PBXGroup section */

/* Begin PBXNativeTarget section */
		E9FED7FF237B1F6E006B6A75 /* JustAsk */ = {
			isa = PBXNativeTarget;
			buildConfigurationList = E9FED82D237B1F70006B6A75 /* Build configuration list for PBXNativeTarget "JustAsk" */;
			buildPhases = (
				E9FED7FC237B1F6E006B6A75 /* Sources */,
				E9FED7FD237B1F6E006B6A75 /* Frameworks */,
				E9FED7FE237B1F6E006B6A75 /* Resources */,
			);
			buildRules = (
			);
			dependencies = (
			);
			name = JustAsk;
			productName = JustAsk;
			productReference = E9FED800237B1F6E006B6A75 /* JustAsk.app */;
			productType = "com.apple.product-type.application";
		};
		E9FED818237B1F70006B6A75 /* JustAskTests */ = {
			isa = PBXNativeTarget;
			buildConfigurationList = E9FED830237B1F70006B6A75 /* Build configuration list for PBXNativeTarget "JustAskTests" */;
			buildPhases = (
				E9FED815237B1F70006B6A75 /* Sources */,
				E9FED816237B1F70006B6A75 /* Frameworks */,
				E9FED817237B1F70006B6A75 /* Resources */,
			);
			buildRules = (
			);
			dependencies = (
				E9FED81B237B1F70006B6A75 /* PBXTargetDependency */,
			);
			name = JustAskTests;
			productName = JustAskTests;
			productReference = E9FED819237B1F70006B6A75 /* JustAskTests.xctest */;
			productType = "com.apple.product-type.bundle.unit-test";
		};
		E9FED823237B1F70006B6A75 /* JustAskUITests */ = {
			isa = PBXNativeTarget;
			buildConfigurationList = E9FED833237B1F70006B6A75 /* Build configuration list for PBXNativeTarget "JustAskUITests" */;
			buildPhases = (
				E9FED820237B1F70006B6A75 /* Sources */,
				E9FED821237B1F70006B6A75 /* Frameworks */,
				E9FED822237B1F70006B6A75 /* Resources */,
			);
			buildRules = (
			);
			dependencies = (
				E9FED826237B1F70006B6A75 /* PBXTargetDependency */,
			);
			name = JustAskUITests;
			productName = JustAskUITests;
			productReference = E9FED824237B1F70006B6A75 /* JustAskUITests.xctest */;
			productType = "com.apple.product-type.bundle.ui-testing";
		};
/* End PBXNativeTarget section */

/* Begin PBXProject section */
		E9FED7F8237B1F6E006B6A75 /* Project object */ = {
			isa = PBXProject;
			attributes = {
				LastSwiftUpdateCheck = 1120;
				LastUpgradeCheck = 1120;
				ORGANIZATIONNAME = "Priyabrata Chowley";
				TargetAttributes = {
					E9FED7FF237B1F6E006B6A75 = {
						CreatedOnToolsVersion = 11.2;
					};
					E9FED818237B1F70006B6A75 = {
						CreatedOnToolsVersion = 11.2;
						TestTargetID = E9FED7FF237B1F6E006B6A75;
					};
					E9FED823237B1F70006B6A75 = {
						CreatedOnToolsVersion = 11.2;
						TestTargetID = E9FED7FF237B1F6E006B6A75;
					};
				};
			};
			buildConfigurationList = E9FED7FB237B1F6E006B6A75 /* Build configuration list for PBXProject "JustAsk" */;
			compatibilityVersion = "Xcode 9.3";
			developmentRegion = en;
			hasScannedForEncodings = 0;
			knownRegions = (
				en,
				Base,
			);
			mainGroup = E9FED7F7237B1F6E006B6A75;
			productRefGroup = E9FED801237B1F6E006B6A75 /* Products */;
			projectDirPath = "";
			projectRoot = "";
			targets = (
				E9FED7FF237B1F6E006B6A75 /* JustAsk */,
				E9FED818237B1F70006B6A75 /* JustAskTests */,
				E9FED823237B1F70006B6A75 /* JustAskUITests */,
			);
		};
/* End PBXProject section */

/* Begin PBXResourcesBuildPhase section */
		E9FED7FE237B1F6E006B6A75 /* Resources */ = {
			isa = PBXResourcesBuildPhase;
			buildActionMask = 2147483647;
			files = (
				E9FED813237B1F70006B6A75 /* LaunchScreen.storyboard in Resources */,
				E9FED810237B1F70006B6A75 /* Assets.xcassets in Resources */,
				E9FED80B237B1F6E006B6A75 /* Main.storyboard in Resources */,
				E9FED843237B3306006B6A75 /* ttsMP3.com_VoiceText_2019-11-13_0_5_39.mp3 in Resources */,
			);
			runOnlyForDeploymentPostprocessing = 0;
		};
		E9FED817237B1F70006B6A75 /* Resources */ = {
			isa = PBXResourcesBuildPhase;
			buildActionMask = 2147483647;
			files = (
			);
			runOnlyForDeploymentPostprocessing = 0;
		};
		E9FED822237B1F70006B6A75 /* Resources */ = {
			isa = PBXResourcesBuildPhase;
			buildActionMask = 2147483647;
			files = (
			);
			runOnlyForDeploymentPostprocessing = 0;
		};
/* End PBXResourcesBuildPhase section */

/* Begin PBXSourcesBuildPhase section */
		E9FED7FC237B1F6E006B6A75 /* Sources */ = {
			isa = PBXSourcesBuildPhase;
			buildActionMask = 2147483647;
			files = (
				E9FED841237B2EF8006B6A75 /* AudioManager.swift in Sources */,
				E9FED83F237B2E13006B6A75 /* SpeechRecognizer.swift in Sources */,
				E9FED808237B1F6E006B6A75 /* ViewController.swift in Sources */,
				E9FED80E237B1F6E006B6A75 /* JustAsk.xcdatamodeld in Sources */,
				E9FED804237B1F6E006B6A75 /* AppDelegate.swift in Sources */,
				E9FED806237B1F6E006B6A75 /* SceneDelegate.swift in Sources */,
			);
			runOnlyForDeploymentPostprocessing = 0;
		};
		E9FED815237B1F70006B6A75 /* Sources */ = {
			isa = PBXSourcesBuildPhase;
			buildActionMask = 2147483647;
			files = (
				E9FED81E237B1F70006B6A75 /* JustAskTests.swift in Sources */,
			);
			runOnlyForDeploymentPostprocessing = 0;
		};
		E9FED820237B1F70006B6A75 /* Sources */ = {
			isa = PBXSourcesBuildPhase;
			buildActionMask = 2147483647;
			files = (
				E9FED829237B1F70006B6A75 /* JustAskUITests.swift in Sources */,
			);
			runOnlyForDeploymentPostprocessing = 0;
		};
/* End PBXSourcesBuildPhase section */

/* Begin PBXTargetDependency section */
		E9FED81B237B1F70006B6A75 /* PBXTargetDependency */ = {
			isa = PBXTargetDependency;
			target = E9FED7FF237B1F6E006B6A75 /* JustAsk */;
			targetProxy = E9FED81A237B1F70006B6A75 /* PBXContainerItemProxy */;
		};
		E9FED826237B1F70006B6A75 /* PBXTargetDependency */ = {
			isa = PBXTargetDependency;
			target = E9FED7FF237B1F6E006B6A75 /* JustAsk */;
			targetProxy = E9FED825237B1F70006B6A75 /* PBXContainerItemProxy */;
		};
/* End PBXTargetDependency section */

/* Begin PBXVariantGroup section */
		E9FED809237B1F6E006B6A75 /* Main.storyboard */ = {
			isa = PBXVariantGroup;
			children = (
				E9FED80A237B1F6E006B6A75 /* Base */,
			);
			name = Main.storyboard;
			sourceTree = "<group>";
		};
		E9FED811237B1F70006B6A75 /* LaunchScreen.storyboard */ = {
			isa = PBXVariantGroup;
			children = (
				E9FED812237B1F70006B6A75 /* Base */,
			);
			name = LaunchScreen.storyboard;
			sourceTree = "<group>";
		};
/* End PBXVariantGroup section */

/* Begin XCBuildConfiguration section */
		E9FED82B237B1F70006B6A75 /* Debug */ = {
			isa = XCBuildConfiguration;
			buildSettings = {
				ALWAYS_SEARCH_USER_PATHS = NO;
				CLANG_ANALYZER_NONNULL = YES;
				CLANG_ANALYZER_NUMBER_OBJECT_CONVERSION = YES_AGGRESSIVE;
				CLANG_CXX_LANGUAGE_STANDARD = "gnu++14";
				CLANG_CXX_LIBRARY = "libc++";
				CLANG_ENABLE_MODULES = YES;
				CLANG_ENABLE_OBJC_ARC = YES;
				CLANG_ENABLE_OBJC_WEAK = YES;
				CLANG_WARN_BLOCK_CAPTURE_AUTORELEASING = YES;
				CLANG_WARN_BOOL_CONVERSION = YES;
				CLANG_WARN_COMMA = YES;
				CLANG_WARN_CONSTANT_CONVERSION = YES;
				CLANG_WARN_DEPRECATED_OBJC_IMPLEMENTATIONS = YES;
				CLANG_WARN_DIRECT_OBJC_ISA_USAGE = YES_ERROR;
				CLANG_WARN_DOCUMENTATION_COMMENTS = YES;
				CLANG_WARN_EMPTY_BODY = YES;
				CLANG_WARN_ENUM_CONVERSION = YES;
				CLANG_WARN_INFINITE_RECURSION = YES;
				CLANG_WARN_INT_CONVERSION = YES;
				CLANG_WARN_NON_LITERAL_NULL_CONVERSION = YES;
				CLANG_WARN_OBJC_IMPLICIT_RETAIN_SELF = YES;
				CLANG_WARN_OBJC_LITERAL_CONVERSION = YES;
				CLANG_WARN_OBJC_ROOT_CLASS = YES_ERROR;
				CLANG_WARN_RANGE_LOOP_ANALYSIS = YES;
				CLANG_WARN_STRICT_PROTOTYPES = YES;
				CLANG_WARN_SUSPICIOUS_MOVE = YES;
				CLANG_WARN_UNGUARDED_AVAILABILITY = YES_AGGRESSIVE;
				CLANG_WARN_UNREACHABLE_CODE = YES;
				CLANG_WARN__DUPLICATE_METHOD_MATCH = YES;
				COPY_PHASE_STRIP = NO;
				DEBUG_INFORMATION_FORMAT = dwarf;
				ENABLE_STRICT_OBJC_MSGSEND = YES;
				ENABLE_TESTABILITY = YES;
				GCC_C_LANGUAGE_STANDARD = gnu11;
				GCC_DYNAMIC_NO_PIC = NO;
				GCC_NO_COMMON_BLOCKS = YES;
				GCC_OPTIMIZATION_LEVEL = 0;
				GCC_PREPROCESSOR_DEFINITIONS = (
					"DEBUG=1",
					"$(inherited)",
				);
				GCC_WARN_64_TO_32_BIT_CONVERSION = YES;
				GCC_WARN_ABOUT_RETURN_TYPE = YES_ERROR;
				GCC_WARN_UNDECLARED_SELECTOR = YES;
				GCC_WARN_UNINITIALIZED_AUTOS = YES_AGGRESSIVE;
				GCC_WARN_UNUSED_FUNCTION = YES;
				GCC_WARN_UNUSED_VARIABLE = YES;
				IPHONEOS_DEPLOYMENT_TARGET = 13.2;
				MTL_ENABLE_DEBUG_INFO = INCLUDE_SOURCE;
				MTL_FAST_MATH = YES;
				ONLY_ACTIVE_ARCH = YES;
				SDKROOT = iphoneos;
				SWIFT_ACTIVE_COMPILATION_CONDITIONS = DEBUG;
				SWIFT_OPTIMIZATION_LEVEL = "-Onone";
			};
			name = Debug;
		};
		E9FED82C237B1F70006B6A75 /* Release */ = {
			isa = XCBuildConfiguration;
			buildSettings = {
				ALWAYS_SEARCH_USER_PATHS = NO;
				CLANG_ANALYZER_NONNULL = YES;
				CLANG_ANALYZER_NUMBER_OBJECT_CONVERSION = YES_AGGRESSIVE;
				CLANG_CXX_LANGUAGE_STANDARD = "gnu++14";
				CLANG_CXX_LIBRARY = "libc++";
				CLANG_ENABLE_MODULES = YES;
				CLANG_ENABLE_OBJC_ARC = YES;
				CLANG_ENABLE_OBJC_WEAK = YES;
				CLANG_WARN_BLOCK_CAPTURE_AUTORELEASING = YES;
				CLANG_WARN_BOOL_CONVERSION = YES;
				CLANG_WARN_COMMA = YES;
				CLANG_WARN_CONSTANT_CONVERSION = YES;
				CLANG_WARN_DEPRECATED_OBJC_IMPLEMENTATIONS = YES;
				CLANG_WARN_DIRECT_OBJC_ISA_USAGE = YES_ERROR;
				CLANG_WARN_DOCUMENTATION_COMMENTS = YES;
				CLANG_WARN_EMPTY_BODY = YES;
				CLANG_WARN_ENUM_CONVERSION = YES;
				CLANG_WARN_INFINITE_RECURSION = YES;
				CLANG_WARN_INT_CONVERSION = YES;
				CLANG_WARN_NON_LITERAL_NULL_CONVERSION = YES;
				CLANG_WARN_OBJC_IMPLICIT_RETAIN_SELF = YES;
				CLANG_WARN_OBJC_LITERAL_CONVERSION = YES;
				CLANG_WARN_OBJC_ROOT_CLASS = YES_ERROR;
				CLANG_WARN_RANGE_LOOP_ANALYSIS = YES;
				CLANG_WARN_STRICT_PROTOTYPES = YES;
				CLANG_WARN_SUSPICIOUS_MOVE = YES;
				CLANG_WARN_UNGUARDED_AVAILABILITY = YES_AGGRESSIVE;
				CLANG_WARN_UNREACHABLE_CODE = YES;
				CLANG_WARN__DUPLICATE_METHOD_MATCH = YES;
				COPY_PHASE_STRIP = NO;
				DEBUG_INFORMATION_FORMAT = "dwarf-with-dsym";
				ENABLE_NS_ASSERTIONS = NO;
				ENABLE_STRICT_OBJC_MSGSEND = YES;
				GCC_C_LANGUAGE_STANDARD = gnu11;
				GCC_NO_COMMON_BLOCKS = YES;
				GCC_WARN_64_TO_32_BIT_CONVERSION = YES;
				GCC_WARN_ABOUT_RETURN_TYPE = YES_ERROR;
				GCC_WARN_UNDECLARED_SELECTOR = YES;
				GCC_WARN_UNINITIALIZED_AUTOS = YES_AGGRESSIVE;
				GCC_WARN_UNUSED_FUNCTION = YES;
				GCC_WARN_UNUSED_VARIABLE = YES;
				IPHONEOS_DEPLOYMENT_TARGET = 13.2;
				MTL_ENABLE_DEBUG_INFO = NO;
				MTL_FAST_MATH = YES;
				SDKROOT = iphoneos;
				SWIFT_COMPILATION_MODE = wholemodule;
				SWIFT_OPTIMIZATION_LEVEL = "-O";
				VALIDATE_PRODUCT = YES;
			};
			name = Release;
		};
		E9FED82E237B1F70006B6A75 /* Debug */ = {
			isa = XCBuildConfiguration;
			buildSettings = {
				ASSETCATALOG_COMPILER_APPICON_NAME = AppIcon;
				CODE_SIGN_STYLE = Automatic;
				DEVELOPMENT_TEAM = 6LNKX6QY2U;
				INFOPLIST_FILE = JustAsk/Info.plist;
				LD_RUNPATH_SEARCH_PATHS = (
					"$(inherited)",
					"@executable_path/Frameworks",
				);
				PRODUCT_BUNDLE_IDENTIFIER = com.JustAsk;
				PRODUCT_NAME = "$(TARGET_NAME)";
				SWIFT_VERSION = 5.0;
				TARGETED_DEVICE_FAMILY = "1,2";
			};
			name = Debug;
		};
		E9FED82F237B1F70006B6A75 /* Release */ = {
			isa = XCBuildConfiguration;
			buildSettings = {
				ASSETCATALOG_COMPILER_APPICON_NAME = AppIcon;
				CODE_SIGN_STYLE = Automatic;
				DEVELOPMENT_TEAM = 6LNKX6QY2U;
				INFOPLIST_FILE = JustAsk/Info.plist;
				LD_RUNPATH_SEARCH_PATHS = (
					"$(inherited)",
					"@executable_path/Frameworks",
				);
				PRODUCT_BUNDLE_IDENTIFIER = com.JustAsk;
				PRODUCT_NAME = "$(TARGET_NAME)";
				SWIFT_VERSION = 5.0;
				TARGETED_DEVICE_FAMILY = "1,2";
			};
			name = Release;
		};
		E9FED831237B1F70006B6A75 /* Debug */ = {
			isa = XCBuildConfiguration;
			buildSettings = {
				ALWAYS_EMBED_SWIFT_STANDARD_LIBRARIES = YES;
				BUNDLE_LOADER = "$(TEST_HOST)";
				CODE_SIGN_STYLE = Automatic;
				DEVELOPMENT_TEAM = 6LNKX6QY2U;
				INFOPLIST_FILE = JustAskTests/Info.plist;
				IPHONEOS_DEPLOYMENT_TARGET = 13.2;
				LD_RUNPATH_SEARCH_PATHS = (
					"$(inherited)",
					"@executable_path/Frameworks",
					"@loader_path/Frameworks",
				);
				PRODUCT_BUNDLE_IDENTIFIER = com.JustAskTests;
				PRODUCT_NAME = "$(TARGET_NAME)";
				SWIFT_VERSION = 5.0;
				TARGETED_DEVICE_FAMILY = "1,2";
				TEST_HOST = "$(BUILT_PRODUCTS_DIR)/JustAsk.app/JustAsk";
			};
			name = Debug;
		};
		E9FED832237B1F70006B6A75 /* Release */ = {
			isa = XCBuildConfiguration;
			buildSettings = {
				ALWAYS_EMBED_SWIFT_STANDARD_LIBRARIES = YES;
				BUNDLE_LOADER = "$(TEST_HOST)";
				CODE_SIGN_STYLE = Automatic;
				DEVELOPMENT_TEAM = 6LNKX6QY2U;
				INFOPLIST_FILE = JustAskTests/Info.plist;
				IPHONEOS_DEPLOYMENT_TARGET = 13.2;
				LD_RUNPATH_SEARCH_PATHS = (
					"$(inherited)",
					"@executable_path/Frameworks",
					"@loader_path/Frameworks",
				);
				PRODUCT_BUNDLE_IDENTIFIER = com.JustAskTests;
				PRODUCT_NAME = "$(TARGET_NAME)";
				SWIFT_VERSION = 5.0;
				TARGETED_DEVICE_FAMILY = "1,2";
				TEST_HOST = "$(BUILT_PRODUCTS_DIR)/JustAsk.app/JustAsk";
			};
			name = Release;
		};
		E9FED834237B1F70006B6A75 /* Debug */ = {
			isa = XCBuildConfiguration;
			buildSettings = {
				ALWAYS_EMBED_SWIFT_STANDARD_LIBRARIES = YES;
				CODE_SIGN_STYLE = Automatic;
				DEVELOPMENT_TEAM = 6LNKX6QY2U;
				INFOPLIST_FILE = JustAskUITests/Info.plist;
				LD_RUNPATH_SEARCH_PATHS = (
					"$(inherited)",
					"@executable_path/Frameworks",
					"@loader_path/Frameworks",
				);
				PRODUCT_BUNDLE_IDENTIFIER = com.JustAskUITests;
				PRODUCT_NAME = "$(TARGET_NAME)";
				SWIFT_VERSION = 5.0;
				TARGETED_DEVICE_FAMILY = "1,2";
				TEST_TARGET_NAME = JustAsk;
			};
			name = Debug;
		};
		E9FED835237B1F70006B6A75 /* Release */ = {
			isa = XCBuildConfiguration;
			buildSettings = {
				ALWAYS_EMBED_SWIFT_STANDARD_LIBRARIES = YES;
				CODE_SIGN_STYLE = Automatic;
				DEVELOPMENT_TEAM = 6LNKX6QY2U;
				INFOPLIST_FILE = JustAskUITests/Info.plist;
				LD_RUNPATH_SEARCH_PATHS = (
					"$(inherited)",
					"@executable_path/Frameworks",
					"@loader_path/Frameworks",
				);
				PRODUCT_BUNDLE_IDENTIFIER = com.JustAskUITests;
				PRODUCT_NAME = "$(TARGET_NAME)";
				SWIFT_VERSION = 5.0;
				TARGETED_DEVICE_FAMILY = "1,2";
				TEST_TARGET_NAME = JustAsk;
			};
			name = Release;
		};
/* End XCBuildConfiguration section */

/* Begin XCConfigurationList section */
		E9FED7FB237B1F6E006B6A75 /* Build configuration list for PBXProject "JustAsk" */ = {
			isa = XCConfigurationList;
			buildConfigurations = (
				E9FED82B237B1F70006B6A75 /* Debug */,
				E9FED82C237B1F70006B6A75 /* Release */,
			);
			defaultConfigurationIsVisible = 0;
			defaultConfigurationName = Release;
		};
		E9FED82D237B1F70006B6A75 /* Build configuration list for PBXNativeTarget "JustAsk" */ = {
			isa = XCConfigurationList;
			buildConfigurations = (
				E9FED82E237B1F70006B6A75 /* Debug */,
				E9FED82F237B1F70006B6A75 /* Release */,
			);
			defaultConfigurationIsVisible = 0;
			defaultConfigurationName = Release;
		};
		E9FED830237B1F70006B6A75 /* Build configuration list for PBXNativeTarget "JustAskTests" */ = {
			isa = XCConfigurationList;
			buildConfigurations = (
				E9FED831237B1F70006B6A75 /* Debug */,
				E9FED832237B1F70006B6A75 /* Release */,
			);
			defaultConfigurationIsVisible = 0;
			defaultConfigurationName = Release;
		};
		E9FED833237B1F70006B6A75 /* Build configuration list for PBXNativeTarget "JustAskUITests" */ = {
			isa = XCConfigurationList;
			buildConfigurations = (
				E9FED834237B1F70006B6A75 /* Debug */,
				E9FED835237B1F70006B6A75 /* Release */,
			);
			defaultConfigurationIsVisible = 0;
			defaultConfigurationName = Release;
		};
/* End XCConfigurationList section */

/* Begin XCVersionGroup section */
		E9FED80C237B1F6E006B6A75 /* JustAsk.xcdatamodeld */ = {
			isa = XCVersionGroup;
			children = (
				E9FED80D237B1F6E006B6A75 /* JustAsk.xcdatamodel */,
			);
			currentVersion = E9FED80D237B1F6E006B6A75 /* JustAsk.xcdatamodel */;
			path = JustAsk.xcdatamodeld;
			sourceTree = "<group>";
			versionGroupType = wrapper.xcdatamodel;
		};
/* End XCVersionGroup section */
	};
	rootObject = E9FED7F8237B1F6E006B6A75 /* Project object */;
}
